# THIS IS AN AUTOGENERATED FILE. DO NOT EDIT THIS FILE DIRECTLY.
# yarn lockfile v1


"@vant/weapp@^1.8.3":
  version "1.8.3"
  resolved "https://registry.yarnpkg.com/@vant/weapp/-/weapp-1.8.3.tgz#3798607de48645272341428fec64669deb84d2c7"
  integrity sha512-hePGNEfRbyEw9bIz6GXIkgxHM3xlfFL0MtNmLv7gGqAvyF/s4H1t6v1l9kfhXXBU+7ac7SUufbJ5r38dVSl8vA==
